schema: '2.0'
stages:
  results-mind-val:
    cmd: jupytext --to notebook --execute mind-val.md
    deps:
    - path: ../outputs/mind-val/profile-metrics.csv.gz
      hash: md5
      md5: 0f50b5db629f188a02aebb242e6c870f
      size: 37269914
    - path: mind-val.md
      hash: md5
      md5: 386c3b5588f70d8a845b0faaa52c4859
      size: 3758
    outs:
    - path: mind-val.ipynb
      hash: md5
      md5: 70a2b89ce660661c49cb3e0c4c27222a
      size: 204153
  results-mind-small:
    cmd: jupytext --to notebook --execute mind-small.md
    deps:
    - path: ../outputs/mind-small/profile-metrics.csv.gz
      hash: md5
      md5: a7ab26f71e2d425191ae5e7fdb753aca
      size: 7243785
    - path: mind-small.md
      hash: md5
      md5: 170f50dd7278beff3c040fed5ded0074
      size: 3774
    outs:
    - path: mind-small.ipynb
      hash: md5
      md5: 1bdf892c5fcf45c0f042343b9aaca509
      size: 205262
  results-mind-subset:
    cmd: jupytext --to notebook --execute mind-subset.md
    deps:
    - path: ../outputs/mind-subset/profile-metrics.csv.gz
      hash: md5
      md5: 2a3be29dad3034e83a0d16e294dec1fb
      size: 99516
    - path: mind-subset.md
      hash: md5
      md5: fd56e0a68ae9edd86be8a2a0fda2b78d
      size: 3782
    outs:
    - path: mind-subset.ipynb
      hash: md5
      md5: f0f87fcd38cbe5ffb149932a1fe14dfc
      size: 200217
