schema: '2.0'
stages:
  results-mind-val:
    cmd: jupytext --to notebook --execute mind-val.md
    deps:
    - path: ../outputs/mind-val/profile-metrics.csv.gz
      hash: md5
      md5: db28d1c70783822fa1d61447979b228d
      size: 38010752
    - path: mind-val.md
      hash: md5
      md5: 386c3b5588f70d8a845b0faaa52c4859
      size: 3758
    outs:
    - path: mind-val.ipynb
      hash: md5
      md5: a01f9a1f395d402f576bd1149caac7b2
      size: 211930
  results-mind-small:
    cmd: jupytext --to notebook --execute mind-small.md
    deps:
    - path: ../outputs/mind-small/profile-metrics.csv.gz
      hash: md5
      md5: 87be17f2335a167ffb9e56876a359221
      size: 7385308
    - path: mind-small.md
      hash: md5
      md5: 170f50dd7278beff3c040fed5ded0074
      size: 3774
    outs:
    - path: mind-small.ipynb
      hash: md5
      md5: 83320e80edeecca0c4f8aabaa274b192
      size: 213513
  results-mind-subset:
    cmd: jupytext --to notebook --execute mind-subset.md
    deps:
    - path: ../outputs/mind-subset/profile-metrics.csv.gz
      hash: md5
      md5: 016719a6b8213f774ef9c4f3b71cc1ab
      size: 101677
    - path: mind-subset.md
      hash: md5
      md5: fd56e0a68ae9edd86be8a2a0fda2b78d
      size: 3782
    outs:
    - path: mind-subset.ipynb
      hash: md5
      md5: 1a9c79950b6480e7eb398dd9889ab6db
      size: 208632
