schema: '2.0'
stages:
  unzip@MINDlarge_test:
    cmd: python -m zipfile -e MINDlarge_test.zip MINDlarge_test
    deps:
    - path: MINDlarge_test.zip
      hash: md5
      md5: 50406027c032898d9eddf9c8a8ecbc17
      size: 605776206
    outs:
    - path: MINDlarge_test
      hash: md5
      md5: 26fd47eefbae452e6db003edd7ffadfc.dir
      size: 1607849223
      nfiles: 4
  unzip@MINDsmall_dev:
    cmd: python -m zipfile -e MINDsmall_dev.zip MINDsmall_dev
    deps:
    - path: MINDsmall_dev.zip
      hash: md5
      md5: e3bac5485be8fc7a9934e85e3b78615f
      size: 30948560
    outs:
    - path: MINDsmall_dev
      hash: md5
      md5: 0859800a7e1136e3a5808cdf158d1e38.dir
      size: 99363222
      nfiles: 4
  unzip@MINDsmall_train:
    cmd: python -m zipfile -e MINDsmall_train.zip MINDsmall_train
    deps:
    - path: MINDsmall_train.zip
      hash: md5
      md5: b20a6bc96c834efe55eda7a37d1ac9e4
      size: 52952752
    outs:
    - path: MINDsmall_train
      hash: md5
      md5: 60609ca7a6b212ad0f2ad1c1a048746d.dir
      size: 160077440
      nfiles: 4
  unzip@MINDlarge_dev:
    cmd: python -m zipfile -e MINDlarge_dev.zip MINDlarge_dev
    deps:
    - path: MINDlarge_dev.zip
      hash: md5
      md5: 8f3dd8923172048b0e5980e7ee40841b
      size: 103592887
    outs:
    - path: MINDlarge_dev
      hash: md5
      md5: 5460a9e2737ce5ba620ff0154ee65a11.dir
      size: 322720668
      nfiles: 4
  unzip@MINDlarge_train:
    cmd: python -m zipfile -e MINDlarge_train.zip MINDlarge_train
    deps:
    - path: MINDlarge_train.zip
      hash: md5
      md5: 5be1c8f9a6809092db5fc0ac23d60f72
      size: 531360717
    outs:
    - path: MINDlarge_train
      hash: md5
      md5: b247cb412df29393283f0f86c40ad453.dir
      size: 1500075888
      nfiles: 4
  preprocess-training-data:
    cmd: python -m poprox_recommender.training.preprocess
    deps:
    - path: ../src/poprox_recommender/training/preprocess.py
      hash: md5
      md5: 1564e172ad7c9494c33996a28510411c
      size: 5156
    - path: MINDlarge_dev
      hash: md5
      md5: 5460a9e2737ce5ba620ff0154ee65a11.dir
      size: 322720668
      nfiles: 4
    - path: MINDlarge_test
      hash: md5
      md5: 26fd47eefbae452e6db003edd7ffadfc.dir
      size: 1607849223
      nfiles: 4
    - path: MINDlarge_train
      hash: md5
      md5: b247cb412df29393283f0f86c40ad453.dir
      size: 1500075888
      nfiles: 4
    outs:
    - path: MINDlarge_post_dev
      hash: md5
      md5: b46257fa21d5847dbb140fffee7bc289.dir
      size: 65658285
      nfiles: 1
    - path: MINDlarge_post_test
      hash: md5
      md5: 76ef57e4d4f5c9c965bfc4b99334ce84.dir
      size: 112514303
      nfiles: 1
    - path: MINDlarge_post_train
      hash: md5
      md5: a781456f1883cf813a6b04f47c10c2c2.dir
      size: 1163364998
      nfiles: 3
