schema: '2.0'
stages:
  train-model:
    cmd: python -m poprox_recommender.training.train
    deps:
    - path: ../data/MINDlarge_dev
      hash: md5
      md5: a90bc1810ca5c0c4c4ef4320474cb67f.dir
      size: 322720668
      nfiles: 5
    - path: ../data/MINDlarge_post_dev
      hash: md5
      md5: 3022bfc3de9041029075af6beb8a286e.dir
      size: 37317366
      nfiles: 1
    - path: ../data/MINDlarge_post_test
      hash: md5
      md5: 76ef57e4d4f5c9c965bfc4b99334ce84.dir
      size: 112514303
      nfiles: 1
    - path: ../data/MINDlarge_post_train
      hash: md5
      md5: c2756c41cd09c60aeb416cd48159a654.dir
      size: 115885392
      nfiles: 3
    - path: ../src/poprox_recommender/training/train.py
      hash: md5
      md5: cbcc164c05adb578039b19e4fe8ad004
      size: 6351
    outs:
    - path: nrms-mind
      hash: md5
      md5: 509003cd59ab5b5571e7961895e33434.dir
      size: 2222208485
      nfiles: 33
